// !$*UTF8*$!
{
	archiveVersion = 1;
	classes = {
	};
	objectVersion = 56;
	objects = {

/* Begin PBXBuildFile section */
		3BF2EBE72AA27B2A00A3C979 /* CapstoneLittleLemonProjectApp.swift in Sources */ = {isa = PBXBuildFile; fileRef = 3BF2EBE62AA27B2A00A3C979 /* CapstoneLittleLemonProjectApp.swift */; };
		3BF2EBEB2AA27B2B00A3C979 /* Assets.xcassets in Resources */ = {isa = PBXBuildFile; fileRef = 3BF2EBEA2AA27B2B00A3C979 /* Assets.xcassets */; };
		3BF2EBEE2AA27B2B00A3C979 /* Preview Assets.xcassets in Resources */ = {isa = PBXBuildFile; fileRef = 3BF2EBED2AA27B2B00A3C979 /* Preview Assets.xcassets */; };
		3BF2EBF32AA27B2B00A3C979 /* CapstoneLittleLemonProject.xcdatamodeld in Sources */ = {isa = PBXBuildFile; fileRef = 3BF2EBF12AA27B2B00A3C979 /* CapstoneLittleLemonProject.xcdatamodeld */; };
		3BF2EBFD2AA27B2B00A3C979 /* CapstoneLittleLemonProjectTests.swift in Sources */ = {isa = PBXBuildFile; fileRef = 3BF2EBFC2AA27B2B00A3C979 /* CapstoneLittleLemonProjectTests.swift */; };
		3BF2EC072AA27B2C00A3C979 /* CapstoneLittleLemonProjectUITests.swift in Sources */ = {isa = PBXBuildFile; fileRef = 3BF2EC062AA27B2C00A3C979 /* CapstoneLittleLemonProjectUITests.swift */; };
		3BF2EC092AA27B2C00A3C979 /* CapstoneLittleLemonProjectUITestsLaunchTests.swift in Sources */ = {isa = PBXBuildFile; fileRef = 3BF2EC082AA27B2C00A3C979 /* CapstoneLittleLemonProjectUITestsLaunchTests.swift */; };
		3BF2EC162AA27C7C00A3C979 /* Onboarding.swift in Sources */ = {isa = PBXBuildFile; fileRef = 3BF2EC152AA27C7C00A3C979 /* Onboarding.swift */; };
		3BF2EC182AA28FE900A3C979 /* Home.swift in Sources */ = {isa = PBXBuildFile; fileRef = 3BF2EC172AA28FE900A3C979 /* Home.swift */; };
		3BF2EC1A2AA290B100A3C979 /* Menu.swift in Sources */ = {isa = PBXBuildFile; fileRef = 3BF2EC192AA290B100A3C979 /* Menu.swift */; };
		3BF2EC1C2AA59C9600A3C979 /* UserProfile.swift in Sources */ = {isa = PBXBuildFile; fileRef = 3BF2EC1B2AA59C9600A3C979 /* UserProfile.swift */; };
		3BF2EC1E2AA5C46600A3C979 /* MenuItem.swift in Sources */ = {isa = PBXBuildFile; fileRef = 3BF2EC1D2AA5C46600A3C979 /* MenuItem.swift */; };
		3BF2EC202AA5C46C00A3C979 /* MenuList.swift in Sources */ = {isa = PBXBuildFile; fileRef = 3BF2EC1F2AA5C46C00A3C979 /* MenuList.swift */; };
		3BF2EC222AA5D58D00A3C979 /* Persistence.swift in Sources */ = {isa = PBXBuildFile; fileRef = 3BF2EC212AA5D58D00A3C979 /* Persistence.swift */; };
		3BF2EC242AA5D59200A3C979 /* FetchedObjects.swift in Sources */ = {isa = PBXBuildFile; fileRef = 3BF2EC232AA5D59200A3C979 /* FetchedObjects.swift */; };
		3BF2EC272AA5D8E100A3C979 /* ExampleDatabase.xcdatamodeld in Sources */ = {isa = PBXBuildFile; fileRef = 3BF2EC252AA5D8E100A3C979 /* ExampleDatabase.xcdatamodeld */; };
		3BF2EC292AC63FC200A3C979 /* Onboarding2.swift in Sources */ = {isa = PBXBuildFile; fileRef = 3BF2EC282AC63FC200A3C979 /* Onboarding2.swift */; };
/* End PBXBuildFile section */

/* Begin PBXContainerItemProxy section */
		3BF2EBF92AA27B2B00A3C979 /* PBXContainerItemProxy */ = {
			isa = PBXContainerItemProxy;
			containerPortal = 3BF2EBDB2AA27B2A00A3C979 /* Project object */;
			proxyType = 1;
			remoteGlobalIDString = 3BF2EBE22AA27B2A00A3C979;
			remoteInfo = CapstoneLittleLemonProject;
		};
		3BF2EC032AA27B2C00A3C979 /* PBXContainerItemProxy */ = {
			isa = PBXContainerItemProxy;
			containerPortal = 3BF2EBDB2AA27B2A00A3C979 /* Project object */;
			proxyType = 1;
			remoteGlobalIDString = 3BF2EBE22AA27B2A00A3C979;
			remoteInfo = CapstoneLittleLemonProject;
		};
/* End PBXContainerItemProxy section */

/* Begin PBXFileReference section */
		3BF2EBE32AA27B2A00A3C979 /* CapstoneLittleLemonProject.app */ = {isa = PBXFileReference; explicitFileType = wrapper.application; includeInIndex = 0; path = CapstoneLittleLemonProject.app; sourceTree = BUILT_PRODUCTS_DIR; };
		3BF2EBE62AA27B2A00A3C979 /* CapstoneLittleLemonProjectApp.swift */ = {isa = PBXFileReference; lastKnownFileType = sourcecode.swift; path = CapstoneLittleLemonProjectApp.swift; sourceTree = "<group>"; };
		3BF2EBEA2AA27B2B00A3C979 /* Assets.xcassets */ = {isa = PBXFileReference; lastKnownFileType = folder.assetcatalog; path = Assets.xcassets; sourceTree = "<group>"; };
		3BF2EBED2AA27B2B00A3C979 /* Preview Assets.xcassets */ = {isa = PBXFileReference; lastKnownFileType = folder.assetcatalog; path = "Preview Assets.xcassets"; sourceTree = "<group>"; };
		3BF2EBF22AA27B2B00A3C979 /* CapstoneLittleLemonProject.xcdatamodel */ = {isa = PBXFileReference; lastKnownFileType = wrapper.xcdatamodel; path = CapstoneLittleLemonProject.xcdatamodel; sourceTree = "<group>"; };
		3BF2EBF82AA27B2B00A3C979 /* CapstoneLittleLemonProjectTests.xctest */ = {isa = PBXFileReference; explicitFileType = wrapper.cfbundle; includeInIndex = 0; path = CapstoneLittleLemonProjectTests.xctest; sourceTree = BUILT_PRODUCTS_DIR; };
		3BF2EBFC2AA27B2B00A3C979 /* CapstoneLittleLemonProjectTests.swift */ = {isa = PBXFileReference; lastKnownFileType = sourcecode.swift; path = CapstoneLittleLemonProjectTests.swift; sourceTree = "<group>"; };
		3BF2EC022AA27B2C00A3C979 /* CapstoneLittleLemonProjectUITests.xctest */ = {isa = PBXFileReference; explicitFileType = wrapper.cfbundle; includeInIndex = 0; path = CapstoneLittleLemonProjectUITests.xctest; sourceTree = BUILT_PRODUCTS_DIR; };
		3BF2EC062AA27B2C00A3C979 /* CapstoneLittleLemonProjectUITests.swift */ = {isa = PBXFileReference; lastKnownFileType = sourcecode.swift; path = CapstoneLittleLemonProjectUITests.swift; sourceTree = "<group>"; };
		3BF2EC082AA27B2C00A3C979 /* CapstoneLittleLemonProjectUITestsLaunchTests.swift */ = {isa = PBXFileReference; lastKnownFileType = sourcecode.swift; path = CapstoneLittleLemonProjectUITestsLaunchTests.swift; sourceTree = "<group>"; };
		3BF2EC152AA27C7C00A3C979 /* Onboarding.swift */ = {isa = PBXFileReference; lastKnownFileType = sourcecode.swift; path = Onboarding.swift; sourceTree = "<group>"; };
		3BF2EC172AA28FE900A3C979 /* Home.swift */ = {isa = PBXFileReference; lastKnownFileType = sourcecode.swift; path = Home.swift; sourceTree = "<group>"; };
		3BF2EC192AA290B100A3C979 /* Menu.swift */ = {isa = PBXFileReference; lastKnownFileType = sourcecode.swift; path = Menu.swift; sourceTree = "<group>"; };
		3BF2EC1B2AA59C9600A3C979 /* UserProfile.swift */ = {isa = PBXFileReference; lastKnownFileType = sourcecode.swift; path = UserProfile.swift; sourceTree = "<group>"; };
		3BF2EC1D2AA5C46600A3C979 /* MenuItem.swift */ = {isa = PBXFileReference; lastKnownFileType = sourcecode.swift; path = MenuItem.swift; sourceTree = "<group>"; };
		3BF2EC1F2AA5C46C00A3C979 /* MenuList.swift */ = {isa = PBXFileReference; lastKnownFileType = sourcecode.swift; path = MenuList.swift; sourceTree = "<group>"; };
		3BF2EC212AA5D58D00A3C979 /* Persistence.swift */ = {isa = PBXFileReference; fileEncoding = 4; lastKnownFileType = sourcecode.swift; name = Persistence.swift; path = ../../../../../Downloads/KrOCQU2CTpmu1REIfryAvg_ae0cd909bf5e4e7db7525f835ddd50e1_CoreDataSupport/Persistence.swift; sourceTree = "<group>"; };
		3BF2EC232AA5D59200A3C979 /* FetchedObjects.swift */ = {isa = PBXFileReference; fileEncoding = 4; lastKnownFileType = sourcecode.swift; path = FetchedObjects.swift; sourceTree = "<group>"; };
		3BF2EC262AA5D8E100A3C979 /* ExampleDatabase.xcdatamodel */ = {isa = PBXFileReference; explicitFileType = wrapper.xcdatamodel; path = ExampleDatabase.xcdatamodel; sourceTree = "<group>"; };
		3BF2EC282AC63FC200A3C979 /* Onboarding2.swift */ = {isa = PBXFileReference; lastKnownFileType = sourcecode.swift; path = Onboarding2.swift; sourceTree = "<group>"; };
/* End PBXFileReference section */

/* Begin PBXFrameworksBuildPhase section */
		3BF2EBE02AA27B2A00A3C979 /* Frameworks */ = {
			isa = PBXFrameworksBuildPhase;
			buildActionMask = 2147483647;
			files = (
			);
			runOnlyForDeploymentPostprocessing = 0;
		};
		3BF2EBF52AA27B2B00A3C979 /* Frameworks */ = {
			isa = PBXFrameworksBuildPhase;
			buildActionMask = 2147483647;
			files = (
			);
			runOnlyForDeploymentPostprocessing = 0;
		};
		3BF2EBFF2AA27B2C00A3C979 /* Frameworks */ = {
			isa = PBXFrameworksBuildPhase;
			buildActionMask = 2147483647;
			files = (
			);
			runOnlyForDeploymentPostprocessing = 0;
		};
/* End PBXFrameworksBuildPhase section */

/* Begin PBXGroup section */
		3BF2EBDA2AA27B2A00A3C979 = {
			isa = PBXGroup;
			children = (
				3BF2EC252AA5D8E100A3C979 /* ExampleDatabase.xcdatamodeld */,
				3BF2EBE52AA27B2A00A3C979 /* CapstoneLittleLemonProject */,
				3BF2EBFB2AA27B2B00A3C979 /* CapstoneLittleLemonProjectTests */,
				3BF2EC052AA27B2C00A3C979 /* CapstoneLittleLemonProjectUITests */,
				3BF2EBE42AA27B2A00A3C979 /* Products */,
			);
			sourceTree = "<group>";
		};
		3BF2EBE42AA27B2A00A3C979 /* Products */ = {
			isa = PBXGroup;
			children = (
				3BF2EBE32AA27B2A00A3C979 /* CapstoneLittleLemonProject.app */,
				3BF2EBF82AA27B2B00A3C979 /* CapstoneLittleLemonProjectTests.xctest */,
				3BF2EC022AA27B2C00A3C979 /* CapstoneLittleLemonProjectUITests.xctest */,
			);
			name = Products;
			sourceTree = "<group>";
		};
		3BF2EBE52AA27B2A00A3C979 /* CapstoneLittleLemonProject */ = {
			isa = PBXGroup;
			children = (
				3BF2EBE62AA27B2A00A3C979 /* CapstoneLittleLemonProjectApp.swift */,
				3BF2EC152AA27C7C00A3C979 /* Onboarding.swift */,
				3BF2EC282AC63FC200A3C979 /* Onboarding2.swift */,
				3BF2EC172AA28FE900A3C979 /* Home.swift */,
				3BF2EC1B2AA59C9600A3C979 /* UserProfile.swift */,
				3BF2EC232AA5D59200A3C979 /* FetchedObjects.swift */,
				3BF2EC1D2AA5C46600A3C979 /* MenuItem.swift */,
				3BF2EC212AA5D58D00A3C979 /* Persistence.swift */,
				3BF2EC1F2AA5C46C00A3C979 /* MenuList.swift */,
				3BF2EC192AA290B100A3C979 /* Menu.swift */,
				3BF2EBEA2AA27B2B00A3C979 /* Assets.xcassets */,
				3BF2EBF12AA27B2B00A3C979 /* CapstoneLittleLemonProject.xcdatamodeld */,
				3BF2EBEC2AA27B2B00A3C979 /* Preview Content */,
			);
			path = CapstoneLittleLemonProject;
			sourceTree = "<group>";
		};
		3BF2EBEC2AA27B2B00A3C979 /* Preview Content */ = {
			isa = PBXGroup;
			children = (
				3BF2EBED2AA27B2B00A3C979 /* Preview Assets.xcassets */,
			);
			path = "Preview Content";
			sourceTree = "<group>";
		};
		3BF2EBFB2AA27B2B00A3C979 /* CapstoneLittleLemonProjectTests */ = {
			isa = PBXGroup;
			children = (
				3BF2EBFC2AA27B2B00A3C979 /* CapstoneLittleLemonProjectTests.swift */,
			);
			path = CapstoneLittleLemonProjectTests;
			sourceTree = "<group>";
		};
		3BF2EC052AA27B2C00A3C979 /* CapstoneLittleLemonProjectUITests */ = {
			isa = PBXGroup;
			children = (
				3BF2EC062AA27B2C00A3C979 /* CapstoneLittleLemonProjectUITests.swift */,
				3BF2EC082AA27B2C00A3C979 /* CapstoneLittleLemonProjectUITestsLaunchTests.swift */,
			);
			path = CapstoneLittleLemonProjectUITests;
			sourceTree = "<group>";
		};
/* End PBXGroup section */

/* Begin PBXNativeTarget section */
		3BF2EBE22AA27B2A00A3C979 /* CapstoneLittleLemonProject */ = {
			isa = PBXNativeTarget;
			buildConfigurationList = 3BF2EC0C2AA27B2C00A3C979 /* Build configuration list for PBXNativeTarget "CapstoneLittleLemonProject" */;
			buildPhases = (
				3BF2EBDF2AA27B2A00A3C979 /* Sources */,
				3BF2EBE02AA27B2A00A3C979 /* Frameworks */,
				3BF2EBE12AA27B2A00A3C979 /* Resources */,
			);
			buildRules = (
			);
			dependencies = (
			);
			name = CapstoneLittleLemonProject;
			productName = CapstoneLittleLemonProject;
			productReference = 3BF2EBE32AA27B2A00A3C979 /* CapstoneLittleLemonProject.app */;
			productType = "com.apple.product-type.application";
		};
		3BF2EBF72AA27B2B00A3C979 /* CapstoneLittleLemonProjectTests */ = {
			isa = PBXNativeTarget;
			buildConfigurationList = 3BF2EC0F2AA27B2C00A3C979 /* Build configuration list for PBXNativeTarget "CapstoneLittleLemonProjectTests" */;
			buildPhases = (
				3BF2EBF42AA27B2B00A3C979 /* Sources */,
				3BF2EBF52AA27B2B00A3C979 /* Frameworks */,
				3BF2EBF62AA27B2B00A3C979 /* Resources */,
			);
			buildRules = (
			);
			dependencies = (
				3BF2EBFA2AA27B2B00A3C979 /* PBXTargetDependency */,
			);
			name = CapstoneLittleLemonProjectTests;
			productName = CapstoneLittleLemonProjectTests;
			productReference = 3BF2EBF82AA27B2B00A3C979 /* CapstoneLittleLemonProjectTests.xctest */;
			productType = "com.apple.product-type.bundle.unit-test";
		};
		3BF2EC012AA27B2C00A3C979 /* CapstoneLittleLemonProjectUITests */ = {
			isa = PBXNativeTarget;
			buildConfigurationList = 3BF2EC122AA27B2C00A3C979 /* Build configuration list for PBXNativeTarget "CapstoneLittleLemonProjectUITests" */;
			buildPhases = (
				3BF2EBFE2AA27B2C00A3C979 /* Sources */,
				3BF2EBFF2AA27B2C00A3C979 /* Frameworks */,
				3BF2EC002AA27B2C00A3C979 /* Resources */,
			);
			buildRules = (
			);
			dependencies = (
				3BF2EC042AA27B2C00A3C979 /* PBXTargetDependency */,
			);
			name = CapstoneLittleLemonProjectUITests;
			productName = CapstoneLittleLemonProjectUITests;
			productReference = 3BF2EC022AA27B2C00A3C979 /* CapstoneLittleLemonProjectUITests.xctest */;
			productType = "com.apple.product-type.bundle.ui-testing";
		};
/* End PBXNativeTarget section */

/* Begin PBXProject section */
		3BF2EBDB2AA27B2A00A3C979 /* Project object */ = {
			isa = PBXProject;
			attributes = {
				BuildIndependentTargetsInParallel = 1;
				LastSwiftUpdateCheck = 1430;
				LastUpgradeCheck = 1430;
				TargetAttributes = {
					3BF2EBE22AA27B2A00A3C979 = {
						CreatedOnToolsVersion = 14.3.1;
					};
					3BF2EBF72AA27B2B00A3C979 = {
						CreatedOnToolsVersion = 14.3.1;
						TestTargetID = 3BF2EBE22AA27B2A00A3C979;
					};
					3BF2EC012AA27B2C00A3C979 = {
						CreatedOnToolsVersion = 14.3.1;
						TestTargetID = 3BF2EBE22AA27B2A00A3C979;
					};
				};
			};
			buildConfigurationList = 3BF2EBDE2AA27B2A00A3C979 /* Build configuration list for PBXProject "CapstoneLittleLemonProject" */;
			compatibilityVersion = "Xcode 14.0";
			developmentRegion = en;
			hasScannedForEncodings = 0;
			knownRegions = (
				en,
				Base,
			);
			mainGroup = 3BF2EBDA2AA27B2A00A3C979;
			productRefGroup = 3BF2EBE42AA27B2A00A3C979 /* Products */;
			projectDirPath = "";
			projectRoot = "";
			targets = (
				3BF2EBE22AA27B2A00A3C979 /* CapstoneLittleLemonProject */,
				3BF2EBF72AA27B2B00A3C979 /* CapstoneLittleLemonProjectTests */,
				3BF2EC012AA27B2C00A3C979 /* CapstoneLittleLemonProjectUITests */,
			);
		};
/* End PBXProject section */

/* Begin PBXResourcesBuildPhase section */
		3BF2EBE12AA27B2A00A3C979 /* Resources */ = {
			isa = PBXResourcesBuildPhase;
			buildActionMask = 2147483647;
			files = (
				3BF2EBEE2AA27B2B00A3C979 /* Preview Assets.xcassets in Resources */,
				3BF2EBEB2AA27B2B00A3C979 /* Assets.xcassets in Resources */,
			);
			runOnlyForDeploymentPostprocessing = 0;
		};
		3BF2EBF62AA27B2B00A3C979 /* Resources */ = {
			isa = PBXResourcesBuildPhase;
			buildActionMask = 2147483647;
			files = (
			);
			runOnlyForDeploymentPostprocessing = 0;
		};
		3BF2EC002AA27B2C00A3C979 /* Resources */ = {
			isa = PBXResourcesBuildPhase;
			buildActionMask = 2147483647;
			files = (
			);
			runOnlyForDeploymentPostprocessing = 0;
		};
/* End PBXResourcesBuildPhase section */

/* Begin PBXSourcesBuildPhase section */
		3BF2EBDF2AA27B2A00A3C979 /* Sources */ = {
			isa = PBXSourcesBuildPhase;
			buildActionMask = 2147483647;
			files = (
				3BF2EC272AA5D8E100A3C979 /* ExampleDatabase.xcdatamodeld in Sources */,
				3BF2EC222AA5D58D00A3C979 /* Persistence.swift in Sources */,
				3BF2EBF32AA27B2B00A3C979 /* CapstoneLittleLemonProject.xcdatamodeld in Sources */,
				3BF2EC1A2AA290B100A3C979 /* Menu.swift in Sources */,
				3BF2EC162AA27C7C00A3C979 /* Onboarding.swift in Sources */,
				3BF2EC1C2AA59C9600A3C979 /* UserProfile.swift in Sources */,
				3BF2EC1E2AA5C46600A3C979 /* MenuItem.swift in Sources */,
				3BF2EC242AA5D59200A3C979 /* FetchedObjects.swift in Sources */,
				3BF2EC182AA28FE900A3C979 /* Home.swift in Sources */,
				3BF2EC292AC63FC200A3C979 /* Onboarding2.swift in Sources */,
				3BF2EC202AA5C46C00A3C979 /* MenuList.swift in Sources */,
				3BF2EBE72AA27B2A00A3C979 /* CapstoneLittleLemonProjectApp.swift in Sources */,
			);
			runOnlyForDeploymentPostprocessing = 0;
		};
		3BF2EBF42AA27B2B00A3C979 /* Sources */ = {
			isa = PBXSourcesBuildPhase;
			buildActionMask = 2147483647;
			files = (
				3BF2EBFD2AA27B2B00A3C979 /* CapstoneLittleLemonProjectTests.swift in Sources */,
			);
			runOnlyForDeploymentPostprocessing = 0;
		};
		3BF2EBFE2AA27B2C00A3C979 /* Sources */ = {
			isa = PBXSourcesBuildPhase;
			buildActionMask = 2147483647;
			files = (
				3BF2EC072AA27B2C00A3C979 /* CapstoneLittleLemonProjectUITests.swift in Sources */,
				3BF2EC092AA27B2C00A3C979 /* CapstoneLittleLemonProjectUITestsLaunchTests.swift in Sources */,
			);
			runOnlyForDeploymentPostprocessing = 0;
		};
/* End PBXSourcesBuildPhase section */

/* Begin PBXTargetDependency section */
		3BF2EBFA2AA27B2B00A3C979 /* PBXTargetDependency */ = {
			isa = PBXTargetDependency;
			target = 3BF2EBE22AA27B2A00A3C979 /* CapstoneLittleLemonProject */;
			targetProxy = 3BF2EBF92AA27B2B00A3C979 /* PBXContainerItemProxy */;
		};
		3BF2EC042AA27B2C00A3C979 /* PBXTargetDependency */ = {
			isa = PBXTargetDependency;
			target = 3BF2EBE22AA27B2A00A3C979 /* CapstoneLittleLemonProject */;
			targetProxy = 3BF2EC032AA27B2C00A3C979 /* PBXContainerItemProxy */;
		};
/* End PBXTargetDependency section */

/* Begin XCBuildConfiguration section */
		3BF2EC0A2AA27B2C00A3C979 /* Debug */ = {
			isa = XCBuildConfiguration;
			buildSettings = {
				ALWAYS_SEARCH_USER_PATHS = NO;
				CLANG_ANALYZER_NONNULL = YES;
				CLANG_ANALYZER_NUMBER_OBJECT_CONVERSION = YES_AGGRESSIVE;
				CLANG_CXX_LANGUAGE_STANDARD = "gnu++20";
				CLANG_ENABLE_MODULES = YES;
				CLANG_ENABLE_OBJC_ARC = YES;
				CLANG_ENABLE_OBJC_WEAK = YES;
				CLANG_WARN_BLOCK_CAPTURE_AUTORELEASING = YES;
				CLANG_WARN_BOOL_CONVERSION = YES;
				CLANG_WARN_COMMA = YES;
				CLANG_WARN_CONSTANT_CONVERSION = YES;
				CLANG_WARN_DEPRECATED_OBJC_IMPLEMENTATIONS = YES;
				CLANG_WARN_DIRECT_OBJC_ISA_USAGE = YES_ERROR;
				CLANG_WARN_DOCUMENTATION_COMMENTS = YES;
				CLANG_WARN_EMPTY_BODY = YES;
				CLANG_WARN_ENUM_CONVERSION = YES;
				CLANG_WARN_INFINITE_RECURSION = YES;
				CLANG_WARN_INT_CONVERSION = YES;
				CLANG_WARN_NON_LITERAL_NULL_CONVERSION = YES;
				CLANG_WARN_OBJC_IMPLICIT_RETAIN_SELF = YES;
				CLANG_WARN_OBJC_LITERAL_CONVERSION = YES;
				CLANG_WARN_OBJC_ROOT_CLASS = YES_ERROR;
				CLANG_WARN_QUOTED_INCLUDE_IN_FRAMEWORK_HEADER = YES;
				CLANG_WARN_RANGE_LOOP_ANALYSIS = YES;
				CLANG_WARN_STRICT_PROTOTYPES = YES;
				CLANG_WARN_SUSPICIOUS_MOVE = YES;
				CLANG_WARN_UNGUARDED_AVAILABILITY = YES_AGGRESSIVE;
				CLANG_WARN_UNREACHABLE_CODE = YES;
				CLANG_WARN__DUPLICATE_METHOD_MATCH = YES;
				COPY_PHASE_STRIP = NO;
				DEBUG_INFORMATION_FORMAT = dwarf;
				ENABLE_STRICT_OBJC_MSGSEND = YES;
				ENABLE_TESTABILITY = YES;
				GCC_C_LANGUAGE_STANDARD = gnu11;
				GCC_DYNAMIC_NO_PIC = NO;
				GCC_NO_COMMON_BLOCKS = YES;
				GCC_OPTIMIZATION_LEVEL = 0;
				GCC_PREPROCESSOR_DEFINITIONS = (
					"DEBUG=1",
					"$(inherited)",
				);
				GCC_WARN_64_TO_32_BIT_CONVERSION = YES;
				GCC_WARN_ABOUT_RETURN_TYPE = YES_ERROR;
				GCC_WARN_UNDECLARED_SELECTOR = YES;
				GCC_WARN_UNINITIALIZED_AUTOS = YES_AGGRESSIVE;
				GCC_WARN_UNUSED_FUNCTION = YES;
				GCC_WARN_UNUSED_VARIABLE = YES;
				IPHONEOS_DEPLOYMENT_TARGET = 16.4;
				MTL_ENABLE_DEBUG_INFO = INCLUDE_SOURCE;
				MTL_FAST_MATH = YES;
				ONLY_ACTIVE_ARCH = YES;
				SDKROOT = iphoneos;
				SWIFT_ACTIVE_COMPILATION_CONDITIONS = DEBUG;
				SWIFT_OPTIMIZATION_LEVEL = "-Onone";
			};
			name = Debug;
		};
		3BF2EC0B2AA27B2C00A3C979 /* Release */ = {
			isa = XCBuildConfiguration;
			buildSettings = {
				ALWAYS_SEARCH_USER_PATHS = NO;
				CLANG_ANALYZER_NONNULL = YES;
				CLANG_ANALYZER_NUMBER_OBJECT_CONVERSION = YES_AGGRESSIVE;
				CLANG_CXX_LANGUAGE_STANDARD = "gnu++20";
				CLANG_ENABLE_MODULES = YES;
				CLANG_ENABLE_OBJC_ARC = YES;
				CLANG_ENABLE_OBJC_WEAK = YES;
				CLANG_WARN_BLOCK_CAPTURE_AUTORELEASING = YES;
				CLANG_WARN_BOOL_CONVERSION = YES;
				CLANG_WARN_COMMA = YES;
				CLANG_WARN_CONSTANT_CONVERSION = YES;
				CLANG_WARN_DEPRECATED_OBJC_IMPLEMENTATIONS = YES;
				CLANG_WARN_DIRECT_OBJC_ISA_USAGE = YES_ERROR;
				CLANG_WARN_DOCUMENTATION_COMMENTS = YES;
				CLANG_WARN_EMPTY_BODY = YES;
				CLANG_WARN_ENUM_CONVERSION = YES;
				CLANG_WARN_INFINITE_RECURSION = YES;
				CLANG_WARN_INT_CONVERSION = YES;
				CLANG_WARN_NON_LITERAL_NULL_CONVERSION = YES;
				CLANG_WARN_OBJC_IMPLICIT_RETAIN_SELF = YES;
				CLANG_WARN_OBJC_LITERAL_CONVERSION = YES;
				CLANG_WARN_OBJC_ROOT_CLASS = YES_ERROR;
				CLANG_WARN_QUOTED_INCLUDE_IN_FRAMEWORK_HEADER = YES;
				CLANG_WARN_RANGE_LOOP_ANALYSIS = YES;
				CLANG_WARN_STRICT_PROTOTYPES = YES;
				CLANG_WARN_SUSPICIOUS_MOVE = YES;
				CLANG_WARN_UNGUARDED_AVAILABILITY = YES_AGGRESSIVE;
				CLANG_WARN_UNREACHABLE_CODE = YES;
				CLANG_WARN__DUPLICATE_METHOD_MATCH = YES;
				COPY_PHASE_STRIP = NO;
				DEBUG_INFORMATION_FORMAT = "dwarf-with-dsym";
				ENABLE_NS_ASSERTIONS = NO;
				ENABLE_STRICT_OBJC_MSGSEND = YES;
				GCC_C_LANGUAGE_STANDARD = gnu11;
				GCC_NO_COMMON_BLOCKS = YES;
				GCC_WARN_64_TO_32_BIT_CONVERSION = YES;
				GCC_WARN_ABOUT_RETURN_TYPE = YES_ERROR;
				GCC_WARN_UNDECLARED_SELECTOR = YES;
				GCC_WARN_UNINITIALIZED_AUTOS = YES_AGGRESSIVE;
				GCC_WARN_UNUSED_FUNCTION = YES;
				GCC_WARN_UNUSED_VARIABLE = YES;
				IPHONEOS_DEPLOYMENT_TARGET = 16.4;
				MTL_ENABLE_DEBUG_INFO = NO;
				MTL_FAST_MATH = YES;
				SDKROOT = iphoneos;
				SWIFT_COMPILATION_MODE = wholemodule;
				SWIFT_OPTIMIZATION_LEVEL = "-O";
				VALIDATE_PRODUCT = YES;
			};
			name = Release;
		};
		3BF2EC0D2AA27B2C00A3C979 /* Debug */ = {
			isa = XCBuildConfiguration;
			buildSettings = {
				ASSETCATALOG_COMPILER_APPICON_NAME = AppIcon;
				ASSETCATALOG_COMPILER_GLOBAL_ACCENT_COLOR_NAME = AccentColor;
				CODE_SIGN_STYLE = Automatic;
				CURRENT_PROJECT_VERSION = 1;
				DEVELOPMENT_ASSET_PATHS = "\"CapstoneLittleLemonProject/Preview Content\"";
				ENABLE_PREVIEWS = YES;
				GENERATE_INFOPLIST_FILE = YES;
				INFOPLIST_KEY_UIApplicationSceneManifest_Generation = YES;
				INFOPLIST_KEY_UIApplicationSupportsIndirectInputEvents = YES;
				INFOPLIST_KEY_UILaunchScreen_Generation = YES;
				INFOPLIST_KEY_UISupportedInterfaceOrientations_iPad = "UIInterfaceOrientationPortrait UIInterfaceOrientationPortraitUpsideDown UIInterfaceOrientationLandscapeLeft UIInterfaceOrientationLandscapeRight";
				INFOPLIST_KEY_UISupportedInterfaceOrientations_iPhone = "UIInterfaceOrientationPortrait UIInterfaceOrientationLandscapeLeft UIInterfaceOrientationLandscapeRight";
				LD_RUNPATH_SEARCH_PATHS = (
					"$(inherited)",
					"@executable_path/Frameworks",
				);
				MARKETING_VERSION = 1.0;
				PRODUCT_BUNDLE_IDENTIFIER = littlelemon.CapstoneLittleLemonProject;
				PRODUCT_NAME = "$(TARGET_NAME)";
				SWIFT_EMIT_LOC_STRINGS = YES;
				SWIFT_VERSION = 5.0;
				TARGETED_DEVICE_FAMILY = "1,2";
			};
			name = Debug;
		};
		3BF2EC0E2AA27B2C00A3C979 /* Release */ = {
			isa = XCBuildConfiguration;
			buildSettings = {
				ASSETCATALOG_COMPILER_APPICON_NAME = AppIcon;
				ASSETCATALOG_COMPILER_GLOBAL_ACCENT_COLOR_NAME = AccentColor;
				CODE_SIGN_STYLE = Automatic;
				CURRENT_PROJECT_VERSION = 1;
				DEVELOPMENT_ASSET_PATHS = "\"CapstoneLittleLemonProject/Preview Content\"";
				ENABLE_PREVIEWS = YES;
				GENERATE_INFOPLIST_FILE = YES;
				INFOPLIST_KEY_UIApplicationSceneManifest_Generation = YES;
				INFOPLIST_KEY_UIApplicationSupportsIndirectInputEvents = YES;
				INFOPLIST_KEY_UILaunchScreen_Generation = YES;
				INFOPLIST_KEY_UISupportedInterfaceOrientations_iPad = "UIInterfaceOrientationPortrait UIInterfaceOrientationPortraitUpsideDown UIInterfaceOrientationLandscapeLeft UIInterfaceOrientationLandscapeRight";
				INFOPLIST_KEY_UISupportedInterfaceOrientations_iPhone = "UIInterfaceOrientationPortrait UIInterfaceOrientationLandscapeLeft UIInterfaceOrientationLandscapeRight";
				LD_RUNPATH_SEARCH_PATHS = (
					"$(inherited)",
					"@executable_path/Frameworks",
				);
				MARKETING_VERSION = 1.0;
				PRODUCT_BUNDLE_IDENTIFIER = littlelemon.CapstoneLittleLemonProject;
				PRODUCT_NAME = "$(TARGET_NAME)";
				SWIFT_EMIT_LOC_STRINGS = YES;
				SWIFT_VERSION = 5.0;
				TARGETED_DEVICE_FAMILY = "1,2";
			};
			name = Release;
		};
		3BF2EC102AA27B2C00A3C979 /* Debug */ = {
			isa = XCBuildConfiguration;
			buildSettings = {
				ALWAYS_EMBED_SWIFT_STANDARD_LIBRARIES = YES;
				BUNDLE_LOADER = "$(TEST_HOST)";
				CODE_SIGN_STYLE = Automatic;
				CURRENT_PROJECT_VERSION = 1;
				GENERATE_INFOPLIST_FILE = YES;
				IPHONEOS_DEPLOYMENT_TARGET = 16.4;
				MARKETING_VERSION = 1.0;
				PRODUCT_BUNDLE_IDENTIFIER = littlelemon.CapstoneLittleLemonProjectTests;
				PRODUCT_NAME = "$(TARGET_NAME)";
				SWIFT_EMIT_LOC_STRINGS = NO;
				SWIFT_VERSION = 5.0;
				TARGETED_DEVICE_FAMILY = "1,2";
				TEST_HOST = "$(BUILT_PRODUCTS_DIR)/CapstoneLittleLemonProject.app/$(BUNDLE_EXECUTABLE_FOLDER_PATH)/CapstoneLittleLemonProject";
			};
			name = Debug;
		};
		3BF2EC112AA27B2C00A3C979 /* Release */ = {
			isa = XCBuildConfiguration;
			buildSettings = {
				ALWAYS_EMBED_SWIFT_STANDARD_LIBRARIES = YES;
				BUNDLE_LOADER = "$(TEST_HOST)";
				CODE_SIGN_STYLE = Automatic;
				CURRENT_PROJECT_VERSION = 1;
				GENERATE_INFOPLIST_FILE = YES;
				IPHONEOS_DEPLOYMENT_TARGET = 16.4;
				MARKETING_VERSION = 1.0;
				PRODUCT_BUNDLE_IDENTIFIER = littlelemon.CapstoneLittleLemonProjectTests;
				PRODUCT_NAME = "$(TARGET_NAME)";
				SWIFT_EMIT_LOC_STRINGS = NO;
				SWIFT_VERSION = 5.0;
				TARGETED_DEVICE_FAMILY = "1,2";
				TEST_HOST = "$(BUILT_PRODUCTS_DIR)/CapstoneLittleLemonProject.app/$(BUNDLE_EXECUTABLE_FOLDER_PATH)/CapstoneLittleLemonProject";
			};
			name = Release;
		};
		3BF2EC132AA27B2C00A3C979 /* Debug */ = {
			isa = XCBuildConfiguration;
			buildSettings = {
				ALWAYS_EMBED_SWIFT_STANDARD_LIBRARIES = YES;
				CODE_SIGN_STYLE = Automatic;
				CURRENT_PROJECT_VERSION = 1;
				GENERATE_INFOPLIST_FILE = YES;
				MARKETING_VERSION = 1.0;
				PRODUCT_BUNDLE_IDENTIFIER = littlelemon.CapstoneLittleLemonProjectUITests;
				PRODUCT_NAME = "$(TARGET_NAME)";
				SWIFT_EMIT_LOC_STRINGS = NO;
				SWIFT_VERSION = 5.0;
				TARGETED_DEVICE_FAMILY = "1,2";
				TEST_TARGET_NAME = CapstoneLittleLemonProject;
			};
			name = Debug;
		};
		3BF2EC142AA27B2C00A3C979 /* Release */ = {
			isa = XCBuildConfiguration;
			buildSettings = {
				ALWAYS_EMBED_SWIFT_STANDARD_LIBRARIES = YES;
				CODE_SIGN_STYLE = Automatic;
				CURRENT_PROJECT_VERSION = 1;
				GENERATE_INFOPLIST_FILE = YES;
				MARKETING_VERSION = 1.0;
				PRODUCT_BUNDLE_IDENTIFIER = littlelemon.CapstoneLittleLemonProjectUITests;
				PRODUCT_NAME = "$(TARGET_NAME)";
				SWIFT_EMIT_LOC_STRINGS = NO;
				SWIFT_VERSION = 5.0;
				TARGETED_DEVICE_FAMILY = "1,2";
				TEST_TARGET_NAME = CapstoneLittleLemonProject;
			};
			name = Release;
		};
/* End XCBuildConfiguration section */

/* Begin XCConfigurationList section */
		3BF2EBDE2AA27B2A00A3C979 /* Build configuration list for PBXProject "CapstoneLittleLemonProject" */ = {
			isa = XCConfigurationList;
			buildConfigurations = (
				3BF2EC0A2AA27B2C00A3C979 /* Debug */,
				3BF2EC0B2AA27B2C00A3C979 /* Release */,
			);
			defaultConfigurationIsVisible = 0;
			defaultConfigurationName = Release;
		};
		3BF2EC0C2AA27B2C00A3C979 /* Build configuration list for PBXNativeTarget "CapstoneLittleLemonProject" */ = {
			isa = XCConfigurationList;
			buildConfigurations = (
				3BF2EC0D2AA27B2C00A3C979 /* Debug */,
				3BF2EC0E2AA27B2C00A3C979 /* Release */,
			);
			defaultConfigurationIsVisible = 0;
			defaultConfigurationName = Release;
		};
		3BF2EC0F2AA27B2C00A3C979 /* Build configuration list for PBXNativeTarget "CapstoneLittleLemonProjectTests" */ = {
			isa = XCConfigurationList;
			buildConfigurations = (
				3BF2EC102AA27B2C00A3C979 /* Debug */,
				3BF2EC112AA27B2C00A3C979 /* Release */,
			);
			defaultConfigurationIsVisible = 0;
			defaultConfigurationName = Release;
		};
		3BF2EC122AA27B2C00A3C979 /* Build configuration list for PBXNativeTarget "CapstoneLittleLemonProjectUITests" */ = {
			isa = XCConfigurationList;
			buildConfigurations = (
				3BF2EC132AA27B2C00A3C979 /* Debug */,
				3BF2EC142AA27B2C00A3C979 /* Release */,
			);
			defaultConfigurationIsVisible = 0;
			defaultConfigurationName = Release;
		};
/* End XCConfigurationList section */

/* Begin XCVersionGroup section */
		3BF2EBF12AA27B2B00A3C979 /* CapstoneLittleLemonProject.xcdatamodeld */ = {
			isa = XCVersionGroup;
			children = (
				3BF2EBF22AA27B2B00A3C979 /* CapstoneLittleLemonProject.xcdatamodel */,
			);
			currentVersion = 3BF2EBF22AA27B2B00A3C979 /* CapstoneLittleLemonProject.xcdatamodel */;
			path = CapstoneLittleLemonProject.xcdatamodeld;
			sourceTree = "<group>";
			versionGroupType = wrapper.xcdatamodel;
		};
		3BF2EC252AA5D8E100A3C979 /* ExampleDatabase.xcdatamodeld */ = {
			isa = XCVersionGroup;
			children = (
				3BF2EC262AA5D8E100A3C979 /* ExampleDatabase.xcdatamodel */,
			);
			currentVersion = 3BF2EC262AA5D8E100A3C979 /* ExampleDatabase.xcdatamodel */;
			path = ExampleDatabase.xcdatamodeld;
			sourceTree = "<group>";
			versionGroupType = wrapper.xcdatamodel;
		};
/* End XCVersionGroup section */
	};
	rootObject = 3BF2EBDB2AA27B2A00A3C979 /* Project object */;
}
